// !$*UTF8*$!
{
	archiveVersion = 1;
	classes = {
	};
	objectVersion = 46;
	objects = {

/* Begin PBXBuildFile section */
		000E12441D94D45300ADFBE7 /* LoginViewController.m in Sources */ = {isa = PBXBuildFile; fileRef = 000E12381D94D45300ADFBE7 /* LoginViewController.m */; };
		000E12451D94D45300ADFBE7 /* NetView.m in Sources */ = {isa = PBXBuildFile; fileRef = 000E123B1D94D45300ADFBE7 /* NetView.m */; };
		000E12461D94D45300ADFBE7 /* LoginVM.m in Sources */ = {isa = PBXBuildFile; fileRef = 000E123E1D94D45300ADFBE7 /* LoginVM.m */; };
		000E12491D94D49300ADFBE7 /* MainViewController.m in Sources */ = {isa = PBXBuildFile; fileRef = 000E12481D94D49300ADFBE7 /* MainViewController.m */; };
		000E124B1D94DD9D00ADFBE7 /* main.jpg in Resources */ = {isa = PBXBuildFile; fileRef = 000E124A1D94DD9D00ADFBE7 /* main.jpg */; };
		00423EE01D94FB9A00CEBCFB /* ClipView.m in Sources */ = {isa = PBXBuildFile; fileRef = 00423EDF1D94FB9A00CEBCFB /* ClipView.m */; };
		00423EE21D94FDE900CEBCFB /* main1.jpg in Resources */ = {isa = PBXBuildFile; fileRef = 00423EE11D94FDE900CEBCFB /* main1.jpg */; };
		00423EE51D950DA000CEBCFB /* ExplainView.m in Sources */ = {isa = PBXBuildFile; fileRef = 00423EE41D950DA000CEBCFB /* ExplainView.m */; };
		00423EE81D9516CA00CEBCFB /* SecondViewController.m in Sources */ = {isa = PBXBuildFile; fileRef = 00423EE71D9516CA00CEBCFB /* SecondViewController.m */; };
		00B633291D936D1E00E794E2 /* main.m in Sources */ = {isa = PBXBuildFile; fileRef = 00B633281D936D1E00E794E2 /* main.m */; };
		00B6332C1D936D1E00E794E2 /* AppDelegate.m in Sources */ = {isa = PBXBuildFile; fileRef = 00B6332B1D936D1E00E794E2 /* AppDelegate.m */; };
		00B633321D936D1E00E794E2 /* Main.storyboard in Resources */ = {isa = PBXBuildFile; fileRef = 00B633301D936D1E00E794E2 /* Main.storyboard */; };
		00B633341D936D1E00E794E2 /* Assets.xcassets in Resources */ = {isa = PBXBuildFile; fileRef = 00B633331D936D1E00E794E2 /* Assets.xcassets */; };
		00B633371D936D1E00E794E2 /* LaunchScreen.storyboard in Resources */ = {isa = PBXBuildFile; fileRef = 00B633351D936D1E00E794E2 /* LaunchScreen.storyboard */; };
		00B633421D936D1E00E794E2 /* CCPStudyTests.m in Sources */ = {isa = PBXBuildFile; fileRef = 00B633411D936D1E00E794E2 /* CCPStudyTests.m */; };
		00B6334D1D936D1E00E794E2 /* CCPStudyUITests.m in Sources */ = {isa = PBXBuildFile; fileRef = 00B6334C1D936D1E00E794E2 /* CCPStudyUITests.m */; };
		00B633641D936D9700E794E2 /* BaseViewController.m in Sources */ = {isa = PBXBuildFile; fileRef = 00B633631D936D9700E794E2 /* BaseViewController.m */; };
		00C581891D937B720066381C /* first.jpg in Resources */ = {isa = PBXBuildFile; fileRef = 00C581881D937B720066381C /* first.jpg */; };
		00C5818B1D937C9B0066381C /* Install cocoapods.rtf in Resources */ = {isa = PBXBuildFile; fileRef = 00C5818A1D937C9B0066381C /* Install cocoapods.rtf */; };
		00C581921D9380E30066381C /* iOS开发UI篇—CAlayer（自定义layer） - 文顶顶 - 博客园.html in Resources */ = {isa = PBXBuildFile; fileRef = 00C581911D9380E30066381C /* iOS开发UI篇—CAlayer（自定义layer） - 文顶顶 - 博客园.html */; };
		97A3CAF5BE974C37390C1937 /* Pods_CCPStudy.framework in Frameworks */ = {isa = PBXBuildFile; fileRef = 9172EA9F8AEC946728CC93DB /* Pods_CCPStudy.framework */; };
/* End PBXBuildFile section */

/* Begin PBXContainerItemProxy section */
		00B6333E1D936D1E00E794E2 /* PBXContainerItemProxy */ = {
			isa = PBXContainerItemProxy;
			containerPortal = 00B6331C1D936D1D00E794E2 /* Project object */;
			proxyType = 1;
			remoteGlobalIDString = 00B633231D936D1D00E794E2;
			remoteInfo = CCPStudy;
		};
		00B633491D936D1E00E794E2 /* PBXContainerItemProxy */ = {
			isa = PBXContainerItemProxy;
			containerPortal = 00B6331C1D936D1D00E794E2 /* Project object */;
			proxyType = 1;
			remoteGlobalIDString = 00B633231D936D1D00E794E2;
			remoteInfo = CCPStudy;
		};
/* End PBXContainerItemProxy section */

/* Begin PBXFileReference section */
		000E12371D94D45300ADFBE7 /* LoginViewController.h */ = {isa = PBXFileReference; fileEncoding = 4; lastKnownFileType = sourcecode.c.h; path = LoginViewController.h; sourceTree = "<group>"; };
		000E12381D94D45300ADFBE7 /* LoginViewController.m */ = {isa = PBXFileReference; fileEncoding = 4; lastKnownFileType = sourcecode.c.objc; path = LoginViewController.m; sourceTree = "<group>"; };
		000E123A1D94D45300ADFBE7 /* NetView.h */ = {isa = PBXFileReference; fileEncoding = 4; lastKnownFileType = sourcecode.c.h; path = NetView.h; sourceTree = "<group>"; };
		000E123B1D94D45300ADFBE7 /* NetView.m */ = {isa = PBXFileReference; fileEncoding = 4; lastKnownFileType = sourcecode.c.objc; path = NetView.m; sourceTree = "<group>"; };
		000E123D1D94D45300ADFBE7 /* LoginVM.h */ = {isa = PBXFileReference; fileEncoding = 4; lastKnownFileType = sourcecode.c.h; path = LoginVM.h; sourceTree = "<group>"; };
		000E123E1D94D45300ADFBE7 /* LoginVM.m */ = {isa = PBXFileReference; fileEncoding = 4; lastKnownFileType = sourcecode.c.objc; path = LoginVM.m; sourceTree = "<group>"; };
		000E12471D94D49300ADFBE7 /* MainViewController.h */ = {isa = PBXFileReference; fileEncoding = 4; lastKnownFileType = sourcecode.c.h; path = MainViewController.h; sourceTree = "<group>"; };
		000E12481D94D49300ADFBE7 /* MainViewController.m */ = {isa = PBXFileReference; fileEncoding = 4; lastKnownFileType = sourcecode.c.objc; path = MainViewController.m; sourceTree = "<group>"; };
		000E124A1D94DD9D00ADFBE7 /* main.jpg */ = {isa = PBXFileReference; lastKnownFileType = image.jpeg; path = main.jpg; sourceTree = "<group>"; };
		00423EDE1D94FB9A00CEBCFB /* ClipView.h */ = {isa = PBXFileReference; fileEncoding = 4; lastKnownFileType = sourcecode.c.h; path = ClipView.h; sourceTree = "<group>"; };
		00423EDF1D94FB9A00CEBCFB /* ClipView.m */ = {isa = PBXFileReference; fileEncoding = 4; lastKnownFileType = sourcecode.c.objc; path = ClipView.m; sourceTree = "<group>"; };
		00423EE11D94FDE900CEBCFB /* main1.jpg */ = {isa = PBXFileReference; lastKnownFileType = image.jpeg; path = main1.jpg; sourceTree = "<group>"; };
		00423EE31D950DA000CEBCFB /* ExplainView.h */ = {isa = PBXFileReference; fileEncoding = 4; lastKnownFileType = sourcecode.c.h; path = ExplainView.h; sourceTree = "<group>"; };
		00423EE41D950DA000CEBCFB /* ExplainView.m */ = {isa = PBXFileReference; fileEncoding = 4; lastKnownFileType = sourcecode.c.objc; path = ExplainView.m; sourceTree = "<group>"; };
		00423EE61D9516CA00CEBCFB /* SecondViewController.h */ = {isa = PBXFileReference; fileEncoding = 4; lastKnownFileType = sourcecode.c.h; path = SecondViewController.h; sourceTree = "<group>"; };
		00423EE71D9516CA00CEBCFB /* SecondViewController.m */ = {isa = PBXFileReference; fileEncoding = 4; lastKnownFileType = sourcecode.c.objc; path = SecondViewController.m; sourceTree = "<group>"; };
		00B633241D936D1E00E794E2 /* CCPStudy.app */ = {isa = PBXFileReference; explicitFileType = wrapper.application; includeInIndex = 0; path = CCPStudy.app; sourceTree = BUILT_PRODUCTS_DIR; };
		00B633281D936D1E00E794E2 /* main.m */ = {isa = PBXFileReference; lastKnownFileType = sourcecode.c.objc; path = main.m; sourceTree = "<group>"; };
		00B6332A1D936D1E00E794E2 /* AppDelegate.h */ = {isa = PBXFileReference; lastKnownFileType = sourcecode.c.h; path = AppDelegate.h; sourceTree = "<group>"; };
		00B6332B1D936D1E00E794E2 /* AppDelegate.m */ = {isa = PBXFileReference; lastKnownFileType = sourcecode.c.objc; path = AppDelegate.m; sourceTree = "<group>"; };
		00B633311D936D1E00E794E2 /* Base */ = {isa = PBXFileReference; lastKnownFileType = file.storyboard; name = Base; path = Base.lproj/Main.storyboard; sourceTree = "<group>"; };
		00B633331D936D1E00E794E2 /* Assets.xcassets */ = {isa = PBXFileReference; lastKnownFileType = folder.assetcatalog; path = Assets.xcassets; sourceTree = "<group>"; };
		00B633361D936D1E00E794E2 /* Base */ = {isa = PBXFileReference; lastKnownFileType = file.storyboard; name = Base; path = Base.lproj/LaunchScreen.storyboard; sourceTree = "<group>"; };
		00B633381D936D1E00E794E2 /* Info.plist */ = {isa = PBXFileReference; lastKnownFileType = text.plist.xml; path = Info.plist; sourceTree = "<group>"; };
		00B6333D1D936D1E00E794E2 /* CCPStudyTests.xctest */ = {isa = PBXFileReference; explicitFileType = wrapper.cfbundle; includeInIndex = 0; path = CCPStudyTests.xctest; sourceTree = BUILT_PRODUCTS_DIR; };
		00B633411D936D1E00E794E2 /* CCPStudyTests.m */ = {isa = PBXFileReference; lastKnownFileType = sourcecode.c.objc; path = CCPStudyTests.m; sourceTree = "<group>"; };
		00B633431D936D1E00E794E2 /* Info.plist */ = {isa = PBXFileReference; lastKnownFileType = text.plist.xml; path = Info.plist; sourceTree = "<group>"; };
		00B633481D936D1E00E794E2 /* CCPStudyUITests.xctest */ = {isa = PBXFileReference; explicitFileType = wrapper.cfbundle; includeInIndex = 0; path = CCPStudyUITests.xctest; sourceTree = BUILT_PRODUCTS_DIR; };
		00B6334C1D936D1E00E794E2 /* CCPStudyUITests.m */ = {isa = PBXFileReference; lastKnownFileType = sourcecode.c.objc; path = CCPStudyUITests.m; sourceTree = "<group>"; };
		00B6334E1D936D1E00E794E2 /* Info.plist */ = {isa = PBXFileReference; lastKnownFileType = text.plist.xml; path = Info.plist; sourceTree = "<group>"; };
		00B633621D936D9700E794E2 /* BaseViewController.h */ = {isa = PBXFileReference; fileEncoding = 4; lastKnownFileType = sourcecode.c.h; path = BaseViewController.h; sourceTree = "<group>"; };
		00B633631D936D9700E794E2 /* BaseViewController.m */ = {isa = PBXFileReference; fileEncoding = 4; lastKnownFileType = sourcecode.c.objc; path = BaseViewController.m; sourceTree = "<group>"; };
		00B633671D936E1300E794E2 /* LocalConstant.h */ = {isa = PBXFileReference; lastKnownFileType = sourcecode.c.h; path = LocalConstant.h; sourceTree = "<group>"; };
		00B633681D936E7A00E794E2 /* NetConstant.h */ = {isa = PBXFileReference; lastKnownFileType = sourcecode.c.h; path = NetConstant.h; sourceTree = "<group>"; };
		00C581811D9378820066381C /* CCPStudy.pch */ = {isa = PBXFileReference; lastKnownFileType = sourcecode.c.h; path = CCPStudy.pch; sourceTree = "<group>"; };
		00C581881D937B720066381C /* first.jpg */ = {isa = PBXFileReference; lastKnownFileType = image.jpeg; path = first.jpg; sourceTree = "<group>"; };
		00C5818A1D937C9B0066381C /* Install cocoapods.rtf */ = {isa = PBXFileReference; fileEncoding = 4; lastKnownFileType = text.rtf; path = "Install cocoapods.rtf"; sourceTree = "<group>"; };
		00C581911D9380E30066381C /* iOS开发UI篇—CAlayer（自定义layer） - 文顶顶 - 博客园.html */ = {isa = PBXFileReference; fileEncoding = 4; lastKnownFileType = text.html; path = "iOS开发UI篇—CAlayer（自定义layer） - 文顶顶 - 博客园.html"; sourceTree = "<group>"; };
		268833C5C4DC1BEDF148E147 /* Pods-CCPStudy.debug.xcconfig */ = {isa = PBXFileReference; includeInIndex = 1; lastKnownFileType = text.xcconfig; name = "Pods-CCPStudy.debug.xcconfig"; path = "Pods/Target Support Files/Pods-CCPStudy/Pods-CCPStudy.debug.xcconfig"; sourceTree = "<group>"; };
		9172EA9F8AEC946728CC93DB /* Pods_CCPStudy.framework */ = {isa = PBXFileReference; explicitFileType = wrapper.framework; includeInIndex = 0; path = Pods_CCPStudy.framework; sourceTree = BUILT_PRODUCTS_DIR; };
		C08AF1E2302DE5A54229CDA0 /* Pods-CCPStudy.release.xcconfig */ = {isa = PBXFileReference; includeInIndex = 1; lastKnownFileType = text.xcconfig; name = "Pods-CCPStudy.release.xcconfig"; path = "Pods/Target Support Files/Pods-CCPStudy/Pods-CCPStudy.release.xcconfig"; sourceTree = "<group>"; };
/* End PBXFileReference section */

/* Begin PBXFrameworksBuildPhase section */
		00B633211D936D1D00E794E2 /* Frameworks */ = {
			isa = PBXFrameworksBuildPhase;
			buildActionMask = 2147483647;
			files = (
				97A3CAF5BE974C37390C1937 /* Pods_CCPStudy.framework in Frameworks */,
			);
			runOnlyForDeploymentPostprocessing = 0;
		};
		00B6333A1D936D1E00E794E2 /* Frameworks */ = {
			isa = PBXFrameworksBuildPhase;
			buildActionMask = 2147483647;
			files = (
			);
			runOnlyForDeploymentPostprocessing = 0;
		};
		00B633451D936D1E00E794E2 /* Frameworks */ = {
			isa = PBXFrameworksBuildPhase;
			buildActionMask = 2147483647;
			files = (
			);
			runOnlyForDeploymentPostprocessing = 0;
		};
/* End PBXFrameworksBuildPhase section */

/* Begin PBXGroup section */
		000E12331D94D45300ADFBE7 /* classes */ = {
			isa = PBXGroup;
			children = (
				000E12341D94D45300ADFBE7 /* Login */,
				000E123F1D94D45300ADFBE7 /* Main */,
			);
			path = classes;
			sourceTree = "<group>";
		};
		000E12341D94D45300ADFBE7 /* Login */ = {
			isa = PBXGroup;
			children = (
				000E12351D94D45300ADFBE7 /* Model */,
				000E12361D94D45300ADFBE7 /* VC */,
				000E12391D94D45300ADFBE7 /* View */,
				000E123C1D94D45300ADFBE7 /* VModel */,
			);
			path = Login;
			sourceTree = "<group>";
		};
		000E12351D94D45300ADFBE7 /* Model */ = {
			isa = PBXGroup;
			children = (
			);
			path = Model;
			sourceTree = "<group>";
		};
		000E12361D94D45300ADFBE7 /* VC */ = {
			isa = PBXGroup;
			children = (
				000E12371D94D45300ADFBE7 /* LoginViewController.h */,
				000E12381D94D45300ADFBE7 /* LoginViewController.m */,
			);
			path = VC;
			sourceTree = "<group>";
		};
		000E12391D94D45300ADFBE7 /* View */ = {
			isa = PBXGroup;
			children = (
				000E123A1D94D45300ADFBE7 /* NetView.h */,
				000E123B1D94D45300ADFBE7 /* NetView.m */,
				00423EE31D950DA000CEBCFB /* ExplainView.h */,
				00423EE41D950DA000CEBCFB /* ExplainView.m */,
			);
			path = View;
			sourceTree = "<group>";
		};
		000E123C1D94D45300ADFBE7 /* VModel */ = {
			isa = PBXGroup;
			children = (
				000E123D1D94D45300ADFBE7 /* LoginVM.h */,
				000E123E1D94D45300ADFBE7 /* LoginVM.m */,
			);
			path = VModel;
			sourceTree = "<group>";
		};
		000E123F1D94D45300ADFBE7 /* Main */ = {
			isa = PBXGroup;
			children = (
				000E12401D94D45300ADFBE7 /* model */,
				000E12411D94D45300ADFBE7 /* VC */,
				000E12421D94D45300ADFBE7 /* view */,
				000E12431D94D45300ADFBE7 /* VM */,
			);
			path = Main;
			sourceTree = "<group>";
		};
		000E12401D94D45300ADFBE7 /* model */ = {
			isa = PBXGroup;
			children = (
			);
			path = model;
			sourceTree = "<group>";
		};
		000E12411D94D45300ADFBE7 /* VC */ = {
			isa = PBXGroup;
			children = (
				000E12471D94D49300ADFBE7 /* MainViewController.h */,
				000E12481D94D49300ADFBE7 /* MainViewController.m */,
				00423EE61D9516CA00CEBCFB /* SecondViewController.h */,
				00423EE71D9516CA00CEBCFB /* SecondViewController.m */,
			);
			path = VC;
			sourceTree = "<group>";
		};
		000E12421D94D45300ADFBE7 /* view */ = {
			isa = PBXGroup;
			children = (
				00423EDE1D94FB9A00CEBCFB /* ClipView.h */,
				00423EDF1D94FB9A00CEBCFB /* ClipView.m */,
			);
			path = view;
			sourceTree = "<group>";
		};
		000E12431D94D45300ADFBE7 /* VM */ = {
			isa = PBXGroup;
			children = (
			);
			path = VM;
			sourceTree = "<group>";
		};
		00B6331B1D936D1D00E794E2 = {
			isa = PBXGroup;
			children = (
				00B633261D936D1E00E794E2 /* CCPStudy */,
				00B633401D936D1E00E794E2 /* CCPStudyTests */,
				00B6334B1D936D1E00E794E2 /* CCPStudyUITests */,
				00B633251D936D1E00E794E2 /* Products */,
				BCD61D0155E2AE7EE3058325 /* Pods */,
				136A8E2C721AC4E527434084 /* Frameworks */,
			);
			sourceTree = "<group>";
		};
		00B633251D936D1E00E794E2 /* Products */ = {
			isa = PBXGroup;
			children = (
				00B633241D936D1E00E794E2 /* CCPStudy.app */,
				00B6333D1D936D1E00E794E2 /* CCPStudyTests.xctest */,
				00B633481D936D1E00E794E2 /* CCPStudyUITests.xctest */,
			);
			name = Products;
			sourceTree = "<group>";
		};
		00B633261D936D1E00E794E2 /* CCPStudy */ = {
			isa = PBXGroup;
			children = (
				000E12331D94D45300ADFBE7 /* classes */,
				00B6335A1D936D8500E794E2 /* Base */,
				00B633661D936DF800E794E2 /* Constant */,
				00C581851D937B4B0066381C /* Resources */,
				00B6332A1D936D1E00E794E2 /* AppDelegate.h */,
				00B6332B1D936D1E00E794E2 /* AppDelegate.m */,
				00B633301D936D1E00E794E2 /* Main.storyboard */,
				00B633331D936D1E00E794E2 /* Assets.xcassets */,
				00B633351D936D1E00E794E2 /* LaunchScreen.storyboard */,
				00B633381D936D1E00E794E2 /* Info.plist */,
				00B633271D936D1E00E794E2 /* Supporting Files */,
			);
			path = CCPStudy;
			sourceTree = "<group>";
		};
		00B633271D936D1E00E794E2 /* Supporting Files */ = {
			isa = PBXGroup;
			children = (
				00B633281D936D1E00E794E2 /* main.m */,
				00C581811D9378820066381C /* CCPStudy.pch */,
			);
			name = "Supporting Files";
			sourceTree = "<group>";
		};
		00B633401D936D1E00E794E2 /* CCPStudyTests */ = {
			isa = PBXGroup;
			children = (
				00B633411D936D1E00E794E2 /* CCPStudyTests.m */,
				00B633431D936D1E00E794E2 /* Info.plist */,
			);
			path = CCPStudyTests;
			sourceTree = "<group>";
		};
		00B6334B1D936D1E00E794E2 /* CCPStudyUITests */ = {
			isa = PBXGroup;
			children = (
				00B6334C1D936D1E00E794E2 /* CCPStudyUITests.m */,
				00B6334E1D936D1E00E794E2 /* Info.plist */,
			);
			path = CCPStudyUITests;
			sourceTree = "<group>";
		};
		00B6335A1D936D8500E794E2 /* Base */ = {
			isa = PBXGroup;
			children = (
				00B6335B1D936D8500E794E2 /* Model */,
				00B6335C1D936D8500E794E2 /* VC */,
				00B6335D1D936D8500E794E2 /* VModel */,
			);
			path = Base;
			sourceTree = "<group>";
		};
		00B6335B1D936D8500E794E2 /* Model */ = {
			isa = PBXGroup;
			children = (
			);
			path = Model;
			sourceTree = "<group>";
		};
		00B6335C1D936D8500E794E2 /* VC */ = {
			isa = PBXGroup;
			children = (
				00B633621D936D9700E794E2 /* BaseViewController.h */,
				00B633631D936D9700E794E2 /* BaseViewController.m */,
			);
			path = VC;
			sourceTree = "<group>";
		};
		00B6335D1D936D8500E794E2 /* VModel */ = {
			isa = PBXGroup;
			children = (
			);
			path = VModel;
			sourceTree = "<group>";
		};
		00B633661D936DF800E794E2 /* Constant */ = {
			isa = PBXGroup;
			children = (
				00B633671D936E1300E794E2 /* LocalConstant.h */,
				00B633681D936E7A00E794E2 /* NetConstant.h */,
			);
			path = Constant;
			sourceTree = "<group>";
		};
		00C581851D937B4B0066381C /* Resources */ = {
			isa = PBXGroup;
			children = (
				00C581901D9380E30066381C /* NetFiles */,
				00C581861D937B4B0066381C /* files */,
				00C581871D937B4B0066381C /* Images */,
			);
			path = Resources;
			sourceTree = "<group>";
		};
		00C581861D937B4B0066381C /* files */ = {
			isa = PBXGroup;
			children = (
				00C5818A1D937C9B0066381C /* Install cocoapods.rtf */,
			);
			path = files;
			sourceTree = "<group>";
		};
		00C581871D937B4B0066381C /* Images */ = {
			isa = PBXGroup;
			children = (
				00C581881D937B720066381C /* first.jpg */,
				000E124A1D94DD9D00ADFBE7 /* main.jpg */,
				00423EE11D94FDE900CEBCFB /* main1.jpg */,
			);
			path = Images;
			sourceTree = "<group>";
		};
		00C581901D9380E30066381C /* NetFiles */ = {
			isa = PBXGroup;
			children = (
				00C581911D9380E30066381C /* iOS开发UI篇—CAlayer（自定义layer） - 文顶顶 - 博客园.html */,
			);
			path = NetFiles;
			sourceTree = "<group>";
		};
		136A8E2C721AC4E527434084 /* Frameworks */ = {
			isa = PBXGroup;
			children = (
				9172EA9F8AEC946728CC93DB /* Pods_CCPStudy.framework */,
			);
			name = Frameworks;
			sourceTree = "<group>";
		};
		BCD61D0155E2AE7EE3058325 /* Pods */ = {
			isa = PBXGroup;
			children = (
				268833C5C4DC1BEDF148E147 /* Pods-CCPStudy.debug.xcconfig */,
				C08AF1E2302DE5A54229CDA0 /* Pods-CCPStudy.release.xcconfig */,
			);
			name = Pods;
			sourceTree = "<group>";
		};
/* End PBXGroup section */

/* Begin PBXNativeTarget section */
		00B633231D936D1D00E794E2 /* CCPStudy */ = {
			isa = PBXNativeTarget;
			buildConfigurationList = 00B633511D936D1E00E794E2 /* Build configuration list for PBXNativeTarget "CCPStudy" */;
			buildPhases = (
				A30B0A72C6D5BB01362FC3E9 /* [CP] Check Pods Manifest.lock */,
				00B633201D936D1D00E794E2 /* Sources */,
				00B633211D936D1D00E794E2 /* Frameworks */,
				00B633221D936D1D00E794E2 /* Resources */,
				3E88EA4CE8873E26ECA7952B /* [CP] Embed Pods Frameworks */,
				EABE71F0C973CC24162AA664 /* [CP] Copy Pods Resources */,
			);
			buildRules = (
			);
			dependencies = (
			);
			name = CCPStudy;
			productName = CCPStudy;
			productReference = 00B633241D936D1E00E794E2 /* CCPStudy.app */;
			productType = "com.apple.product-type.application";
		};
		00B6333C1D936D1E00E794E2 /* CCPStudyTests */ = {
			isa = PBXNativeTarget;
			buildConfigurationList = 00B633541D936D1E00E794E2 /* Build configuration list for PBXNativeTarget "CCPStudyTests" */;
			buildPhases = (
				00B633391D936D1E00E794E2 /* Sources */,
				00B6333A1D936D1E00E794E2 /* Frameworks */,
				00B6333B1D936D1E00E794E2 /* Resources */,
			);
			buildRules = (
			);
			dependencies = (
				00B6333F1D936D1E00E794E2 /* PBXTargetDependency */,
			);
			name = CCPStudyTests;
			productName = CCPStudyTests;
			productReference = 00B6333D1D936D1E00E794E2 /* CCPStudyTests.xctest */;
			productType = "com.apple.product-type.bundle.unit-test";
		};
		00B633471D936D1E00E794E2 /* CCPStudyUITests */ = {
			isa = PBXNativeTarget;
			buildConfigurationList = 00B633571D936D1E00E794E2 /* Build configuration list for PBXNativeTarget "CCPStudyUITests" */;
			buildPhases = (
				00B633441D936D1E00E794E2 /* Sources */,
				00B633451D936D1E00E794E2 /* Frameworks */,
				00B633461D936D1E00E794E2 /* Resources */,
			);
			buildRules = (
			);
			dependencies = (
				00B6334A1D936D1E00E794E2 /* PBXTargetDependency */,
			);
			name = CCPStudyUITests;
			productName = CCPStudyUITests;
			productReference = 00B633481D936D1E00E794E2 /* CCPStudyUITests.xctest */;
			productType = "com.apple.product-type.bundle.ui-testing";
		};
/* End PBXNativeTarget section */

/* Begin PBXProject section */
		00B6331C1D936D1D00E794E2 /* Project object */ = {
			isa = PBXProject;
			attributes = {
				LastUpgradeCheck = 0800;
				ORGANIZATIONNAME = chuchengpeng;
				TargetAttributes = {
					00B633231D936D1D00E794E2 = {
						CreatedOnToolsVersion = 8.0;
						DevelopmentTeam = 97PS3WYR28;
						ProvisioningStyle = Automatic;
					};
					00B6333C1D936D1E00E794E2 = {
						CreatedOnToolsVersion = 8.0;
						DevelopmentTeam = 97PS3WYR28;
						ProvisioningStyle = Automatic;
						TestTargetID = 00B633231D936D1D00E794E2;
					};
					00B633471D936D1E00E794E2 = {
						CreatedOnToolsVersion = 8.0;
						DevelopmentTeam = 97PS3WYR28;
						ProvisioningStyle = Automatic;
						TestTargetID = 00B633231D936D1D00E794E2;
					};
				};
			};
			buildConfigurationList = 00B6331F1D936D1D00E794E2 /* Build configuration list for PBXProject "CCPStudy" */;
			compatibilityVersion = "Xcode 3.2";
			developmentRegion = English;
			hasScannedForEncodings = 0;
			knownRegions = (
				en,
				Base,
			);
			mainGroup = 00B6331B1D936D1D00E794E2;
			productRefGroup = 00B633251D936D1E00E794E2 /* Products */;
			projectDirPath = "";
			projectRoot = "";
			targets = (
				00B633231D936D1D00E794E2 /* CCPStudy */,
				00B6333C1D936D1E00E794E2 /* CCPStudyTests */,
				00B633471D936D1E00E794E2 /* CCPStudyUITests */,
			);
		};
/* End PBXProject section */

/* Begin PBXResourcesBuildPhase section */
		00B633221D936D1D00E794E2 /* Resources */ = {
			isa = PBXResourcesBuildPhase;
			buildActionMask = 2147483647;
			files = (
				00C581891D937B720066381C /* first.jpg in Resources */,
				000E124B1D94DD9D00ADFBE7 /* main.jpg in Resources */,
				00B633371D936D1E00E794E2 /* LaunchScreen.storyboard in Resources */,
				00C5818B1D937C9B0066381C /* Install cocoapods.rtf in Resources */,
				00B633341D936D1E00E794E2 /* Assets.xcassets in Resources */,
				00B633321D936D1E00E794E2 /* Main.storyboard in Resources */,
				00423EE21D94FDE900CEBCFB /* main1.jpg in Resources */,
				00C581921D9380E30066381C /* iOS开发UI篇—CAlayer（自定义layer） - 文顶顶 - 博客园.html in Resources */,
			);
			runOnlyForDeploymentPostprocessing = 0;
		};
		00B6333B1D936D1E00E794E2 /* Resources */ = {
			isa = PBXResourcesBuildPhase;
			buildActionMask = 2147483647;
			files = (
			);
			runOnlyForDeploymentPostprocessing = 0;
		};
		00B633461D936D1E00E794E2 /* Resources */ = {
			isa = PBXResourcesBuildPhase;
			buildActionMask = 2147483647;
			files = (
			);
			runOnlyForDeploymentPostprocessing = 0;
		};
/* End PBXResourcesBuildPhase section */

/* Begin PBXShellScriptBuildPhase section */
		3E88EA4CE8873E26ECA7952B /* [CP] Embed Pods Frameworks */ = {
			isa = PBXShellScriptBuildPhase;
			buildActionMask = 2147483647;
			files = (
			);
			inputPaths = (
			);
			name = "[CP] Embed Pods Frameworks";
			outputPaths = (
			);
			runOnlyForDeploymentPostprocessing = 0;
			shellPath = /bin/sh;
			shellScript = "\"${SRCROOT}/Pods/Target Support Files/Pods-CCPStudy/Pods-CCPStudy-frameworks.sh\"\n";
			showEnvVarsInLog = 0;
		};
		A30B0A72C6D5BB01362FC3E9 /* [CP] Check Pods Manifest.lock */ = {
			isa = PBXShellScriptBuildPhase;
			buildActionMask = 2147483647;
			files = (
			);
			inputPaths = (
			);
			name = "[CP] Check Pods Manifest.lock";
			outputPaths = (
			);
			runOnlyForDeploymentPostprocessing = 0;
			shellPath = /bin/sh;
			shellScript = "diff \"${PODS_ROOT}/../Podfile.lock\" \"${PODS_ROOT}/Manifest.lock\" > /dev/null\nif [[ $? != 0 ]] ; then\n    cat << EOM\nerror: The sandbox is not in sync with the Podfile.lock. Run 'pod install' or update your CocoaPods installation.\nEOM\n    exit 1\nfi\n";
			showEnvVarsInLog = 0;
		};
		EABE71F0C973CC24162AA664 /* [CP] Copy Pods Resources */ = {
			isa = PBXShellScriptBuildPhase;
			buildActionMask = 2147483647;
			files = (
			);
			inputPaths = (
			);
			name = "[CP] Copy Pods Resources";
			outputPaths = (
			);
			runOnlyForDeploymentPostprocessing = 0;
			shellPath = /bin/sh;
			shellScript = "\"${SRCROOT}/Pods/Target Support Files/Pods-CCPStudy/Pods-CCPStudy-resources.sh\"\n";
			showEnvVarsInLog = 0;
		};
/* End PBXShellScriptBuildPhase section */

/* Begin PBXSourcesBuildPhase section */
		00B633201D936D1D00E794E2 /* Sources */ = {
			isa = PBXSourcesBuildPhase;
			buildActionMask = 2147483647;
			files = (
				00423EE81D9516CA00CEBCFB /* SecondViewController.m in Sources */,
				00423EE01D94FB9A00CEBCFB /* ClipView.m in Sources */,
				000E12461D94D45300ADFBE7 /* LoginVM.m in Sources */,
				00B6332C1D936D1E00E794E2 /* AppDelegate.m in Sources */,
				000E12441D94D45300ADFBE7 /* LoginViewController.m in Sources */,
				00B633641D936D9700E794E2 /* BaseViewController.m in Sources */,
				00423EE51D950DA000CEBCFB /* ExplainView.m in Sources */,
				000E12491D94D49300ADFBE7 /* MainViewController.m in Sources */,
				000E12451D94D45300ADFBE7 /* NetView.m in Sources */,
				00B633291D936D1E00E794E2 /* main.m in Sources */,
			);
			runOnlyForDeploymentPostprocessing = 0;
		};
		00B633391D936D1E00E794E2 /* Sources */ = {
			isa = PBXSourcesBuildPhase;
			buildActionMask = 2147483647;
			files = (
				00B633421D936D1E00E794E2 /* CCPStudyTests.m in Sources */,
			);
			runOnlyForDeploymentPostprocessing = 0;
		};
		00B633441D936D1E00E794E2 /* Sources */ = {
			isa = PBXSourcesBuildPhase;
			buildActionMask = 2147483647;
			files = (
				00B6334D1D936D1E00E794E2 /* CCPStudyUITests.m in Sources */,
			);
			runOnlyForDeploymentPostprocessing = 0;
		};
/* End PBXSourcesBuildPhase section */

/* Begin PBXTargetDependency section */
		00B6333F1D936D1E00E794E2 /* PBXTargetDependency */ = {
			isa = PBXTargetDependency;
			target = 00B633231D936D1D00E794E2 /* CCPStudy */;
			targetProxy = 00B6333E1D936D1E00E794E2 /* PBXContainerItemProxy */;
		};
		00B6334A1D936D1E00E794E2 /* PBXTargetDependency */ = {
			isa = PBXTargetDependency;
			target = 00B633231D936D1D00E794E2 /* CCPStudy */;
			targetProxy = 00B633491D936D1E00E794E2 /* PBXContainerItemProxy */;
		};
/* End PBXTargetDependency section */

/* Begin PBXVariantGroup section */
		00B633301D936D1E00E794E2 /* Main.storyboard */ = {
			isa = PBXVariantGroup;
			children = (
				00B633311D936D1E00E794E2 /* Base */,
			);
			name = Main.storyboard;
			sourceTree = "<group>";
		};
		00B633351D936D1E00E794E2 /* LaunchScreen.storyboard */ = {
			isa = PBXVariantGroup;
			children = (
				00B633361D936D1E00E794E2 /* Base */,
			);
			name = LaunchScreen.storyboard;
			sourceTree = "<group>";
		};
/* End PBXVariantGroup section */

/* Begin XCBuildConfiguration section */
		00B6334F1D936D1E00E794E2 /* Debug */ = {
			isa = XCBuildConfiguration;
			buildSettings = {
				ALWAYS_SEARCH_USER_PATHS = NO;
				CLANG_ANALYZER_NONNULL = YES;
				CLANG_CXX_LANGUAGE_STANDARD = "gnu++0x";
				CLANG_CXX_LIBRARY = "libc++";
				CLANG_ENABLE_MODULES = YES;
				CLANG_ENABLE_OBJC_ARC = YES;
				CLANG_WARN_BOOL_CONVERSION = YES;
				CLANG_WARN_CONSTANT_CONVERSION = YES;
				CLANG_WARN_DIRECT_OBJC_ISA_USAGE = YES_ERROR;
				CLANG_WARN_DOCUMENTATION_COMMENTS = YES;
				CLANG_WARN_EMPTY_BODY = YES;
				CLANG_WARN_ENUM_CONVERSION = YES;
				CLANG_WARN_INFINITE_RECURSION = YES;
				CLANG_WARN_INT_CONVERSION = YES;
				CLANG_WARN_OBJC_ROOT_CLASS = YES_ERROR;
				CLANG_WARN_SUSPICIOUS_MOVES = YES;
				CLANG_WARN_UNREACHABLE_CODE = YES;
				CLANG_WARN__DUPLICATE_METHOD_MATCH = YES;
				"CODE_SIGN_IDENTITY[sdk=iphoneos*]" = "iPhone Developer";
				COPY_PHASE_STRIP = NO;
				DEBUG_INFORMATION_FORMAT = dwarf;
				ENABLE_STRICT_OBJC_MSGSEND = YES;
				ENABLE_TESTABILITY = YES;
				GCC_C_LANGUAGE_STANDARD = gnu99;
				GCC_DYNAMIC_NO_PIC = NO;
				GCC_NO_COMMON_BLOCKS = YES;
				GCC_OPTIMIZATION_LEVEL = 0;
				GCC_PREPROCESSOR_DEFINITIONS = (
					"DEBUG=1",
					"$(inherited)",
				);
				GCC_WARN_64_TO_32_BIT_CONVERSION = YES;
				GCC_WARN_ABOUT_RETURN_TYPE = YES_ERROR;
				GCC_WARN_UNDECLARED_SELECTOR = YES;
				GCC_WARN_UNINITIALIZED_AUTOS = YES_AGGRESSIVE;
				GCC_WARN_UNUSED_FUNCTION = YES;
				GCC_WARN_UNUSED_VARIABLE = YES;
				IPHONEOS_DEPLOYMENT_TARGET = 10.0;
				MTL_ENABLE_DEBUG_INFO = YES;
				ONLY_ACTIVE_ARCH = YES;
				SDKROOT = iphoneos;
			};
			name = Debug;
		};
		00B633501D936D1E00E794E2 /* Release */ = {
			isa = XCBuildConfiguration;
			buildSettings = {
				ALWAYS_SEARCH_USER_PATHS = NO;
				CLANG_ANALYZER_NONNULL = YES;
				CLANG_CXX_LANGUAGE_STANDARD = "gnu++0x";
				CLANG_CXX_LIBRARY = "libc++";
				CLANG_ENABLE_MODULES = YES;
				CLANG_ENABLE_OBJC_ARC = YES;
				CLANG_WARN_BOOL_CONVERSION = YES;
				CLANG_WARN_CONSTANT_CONVERSION = YES;
				CLANG_WARN_DIRECT_OBJC_ISA_USAGE = YES_ERROR;
				CLANG_WARN_DOCUMENTATION_COMMENTS = YES;
				CLANG_WARN_EMPTY_BODY = YES;
				CLANG_WARN_ENUM_CONVERSION = YES;
				CLANG_WARN_INFINITE_RECURSION = YES;
				CLANG_WARN_INT_CONVERSION = YES;
				CLANG_WARN_OBJC_ROOT_CLASS = YES_ERROR;
				CLANG_WARN_SUSPICIOUS_MOVES = YES;
				CLANG_WARN_UNREACHABLE_CODE = YES;
				CLANG_WARN__DUPLICATE_METHOD_MATCH = YES;
				"CODE_SIGN_IDENTITY[sdk=iphoneos*]" = "iPhone Developer";
				COPY_PHASE_STRIP = NO;
				DEBUG_INFORMATION_FORMAT = "dwarf-with-dsym";
				ENABLE_NS_ASSERTIONS = NO;
				ENABLE_STRICT_OBJC_MSGSEND = YES;
				GCC_C_LANGUAGE_STANDARD = gnu99;
				GCC_NO_COMMON_BLOCKS = YES;
				GCC_WARN_64_TO_32_BIT_CONVERSION = YES;
				GCC_WARN_ABOUT_RETURN_TYPE = YES_ERROR;
				GCC_WARN_UNDECLARED_SELECTOR = YES;
				GCC_WARN_UNINITIALIZED_AUTOS = YES_AGGRESSIVE;
				GCC_WARN_UNUSED_FUNCTION = YES;
				GCC_WARN_UNUSED_VARIABLE = YES;
				IPHONEOS_DEPLOYMENT_TARGET = 10.0;
				MTL_ENABLE_DEBUG_INFO = NO;
				SDKROOT = iphoneos;
				VALIDATE_PRODUCT = YES;
			};
			name = Release;
		};
		00B633521D936D1E00E794E2 /* Debug */ = {
			isa = XCBuildConfiguration;
			baseConfigurationReference = 268833C5C4DC1BEDF148E147 /* Pods-CCPStudy.debug.xcconfig */;
			buildSettings = {
				ASSETCATALOG_COMPILER_APPICON_NAME = icon;
				DEVELOPMENT_TEAM = 97PS3WYR28;
				GCC_PREFIX_HEADER = CCPStudy/CCPStudy.pch;
				INFOPLIST_FILE = CCPStudy/Info.plist;
				IPHONEOS_DEPLOYMENT_TARGET = 8.0;
				LD_RUNPATH_SEARCH_PATHS = "$(inherited) @executable_path/Frameworks";
				PRODUCT_BUNDLE_IDENTIFIER = CCP.CCPStudy;
				PRODUCT_NAME = "$(TARGET_NAME)";
			};
			name = Debug;
		};
		00B633531D936D1E00E794E2 /* Release */ = {
			isa = XCBuildConfiguration;
			baseConfigurationReference = C08AF1E2302DE5A54229CDA0 /* Pods-CCPStudy.release.xcconfig */;
			buildSettings = {
				ASSETCATALOG_COMPILER_APPICON_NAME = icon;
				DEVELOPMENT_TEAM = 97PS3WYR28;
				GCC_PREFIX_HEADER = CCPStudy/CCPStudy.pch;
				INFOPLIST_FILE = CCPStudy/Info.plist;
				IPHONEOS_DEPLOYMENT_TARGET = 8.0;
				LD_RUNPATH_SEARCH_PATHS = "$(inherited) @executable_path/Frameworks";
				PRODUCT_BUNDLE_IDENTIFIER = CCP.CCPStudy;
				PRODUCT_NAME = "$(TARGET_NAME)";
			};
			name = Release;
		};
		00B633551D936D1E00E794E2 /* Debug */ = {
			isa = XCBuildConfiguration;
			buildSettings = {
				BUNDLE_LOADER = "$(TEST_HOST)";
				DEVELOPMENT_TEAM = 97PS3WYR28;
				INFOPLIST_FILE = CCPStudyTests/Info.plist;
				LD_RUNPATH_SEARCH_PATHS = "$(inherited) @executable_path/Frameworks @loader_path/Frameworks";
				PRODUCT_BUNDLE_IDENTIFIER = CCP.CCPStudyTests;
				PRODUCT_NAME = "$(TARGET_NAME)";
				TEST_HOST = "$(BUILT_PRODUCTS_DIR)/CCPStudy.app/CCPStudy";
			};
			name = Debug;
		};
		00B633561D936D1E00E794E2 /* Release */ = {
			isa = XCBuildConfiguration;
			buildSettings = {
				BUNDLE_LOADER = "$(TEST_HOST)";
				DEVELOPMENT_TEAM = 97PS3WYR28;
				INFOPLIST_FILE = CCPStudyTests/Info.plist;
				LD_RUNPATH_SEARCH_PATHS = "$(inherited) @executable_path/Frameworks @loader_path/Frameworks";
				PRODUCT_BUNDLE_IDENTIFIER = CCP.CCPStudyTests;
				PRODUCT_NAME = "$(TARGET_NAME)";
				TEST_HOST = "$(BUILT_PRODUCTS_DIR)/CCPStudy.app/CCPStudy";
			};
			name = Release;
		};
		00B633581D936D1E00E794E2 /* Debug */ = {
			isa = XCBuildConfiguration;
			buildSettings = {
				DEVELOPMENT_TEAM = 97PS3WYR28;
				INFOPLIST_FILE = CCPStudyUITests/Info.plist;
				LD_RUNPATH_SEARCH_PATHS = "$(inherited) @executable_path/Frameworks @loader_path/Frameworks";
				PRODUCT_BUNDLE_IDENTIFIER = CCP.CCPStudyUITests;
				PRODUCT_NAME = "$(TARGET_NAME)";
				TEST_TARGET_NAME = CCPStudy;
			};
			name = Debug;
		};
		00B633591D936D1E00E794E2 /* Release */ = {
			isa = XCBuildConfiguration;
			buildSettings = {
				DEVELOPMENT_TEAM = 97PS3WYR28;
				INFOPLIST_FILE = CCPStudyUITests/Info.plist;
				LD_RUNPATH_SEARCH_PATHS = "$(inherited) @executable_path/Frameworks @loader_path/Frameworks";
				PRODUCT_BUNDLE_IDENTIFIER = CCP.CCPStudyUITests;
				PRODUCT_NAME = "$(TARGET_NAME)";
				TEST_TARGET_NAME = CCPStudy;
			};
			name = Release;
		};
/* End XCBuildConfiguration section */

/* Begin XCConfigurationList section */
		00B6331F1D936D1D00E794E2 /* Build configuration list for PBXProject "CCPStudy" */ = {
			isa = XCConfigurationList;
			buildConfigurations = (
				00B6334F1D936D1E00E794E2 /* Debug */,
				00B633501D936D1E00E794E2 /* Release */,
			);
			defaultConfigurationIsVisible = 0;
			defaultConfigurationName = Release;
		};
		00B633511D936D1E00E794E2 /* Build configuration list for PBXNativeTarget "CCPStudy" */ = {
			isa = XCConfigurationList;
			buildConfigurations = (
				00B633521D936D1E00E794E2 /* Debug */,
				00B633531D936D1E00E794E2 /* Release */,
			);
			defaultConfigurationIsVisible = 0;
			defaultConfigurationName = Release;
		};
		00B633541D936D1E00E794E2 /* Build configuration list for PBXNativeTarget "CCPStudyTests" */ = {
			isa = XCConfigurationList;
			buildConfigurations = (
				00B633551D936D1E00E794E2 /* Debug */,
				00B633561D936D1E00E794E2 /* Release */,
			);
			defaultConfigurationIsVisible = 0;
			defaultConfigurationName = Release;
		};
		00B633571D936D1E00E794E2 /* Build configuration list for PBXNativeTarget "CCPStudyUITests" */ = {
			isa = XCConfigurationList;
			buildConfigurations = (
				00B633581D936D1E00E794E2 /* Debug */,
				00B633591D936D1E00E794E2 /* Release */,
			);
			defaultConfigurationIsVisible = 0;
			defaultConfigurationName = Release;
		};
/* End XCConfigurationList section */
	};
	rootObject = 00B6331C1D936D1D00E794E2 /* Project object */;
}
